// !$*UTF8*$!
{
	archiveVersion = 1;
	classes = {
	};
	objectVersion = 56;
	objects = {

/* Begin PBXBuildFile section */
		50829D522BA8118600CC3ABC /* OnlineClothingApp.swift in Sources */ = {isa = PBXBuildFile; fileRef = 50829D512BA8118600CC3ABC /* OnlineClothingApp.swift */; };
		50829D542BA8118600CC3ABC /* ContentView.swift in Sources */ = {isa = PBXBuildFile; fileRef = 50829D532BA8118600CC3ABC /* ContentView.swift */; };
		50829D562BA8118700CC3ABC /* Assets.xcassets in Resources */ = {isa = PBXBuildFile; fileRef = 50829D552BA8118700CC3ABC /* Assets.xcassets */; };
		50829D592BA8118700CC3ABC /* Preview Assets.xcassets in Resources */ = {isa = PBXBuildFile; fileRef = 50829D582BA8118700CC3ABC /* Preview Assets.xcassets */; };
		906F64672BB2A71000AA4186 /* typealiases.swift in Sources */ = {isa = PBXBuildFile; fileRef = 906F64662BB2A71000AA4186 /* typealiases.swift */; };
		906F64692BB2A7AC00AA4186 /* Constants.swift in Sources */ = {isa = PBXBuildFile; fileRef = 906F64682BB2A7AC00AA4186 /* Constants.swift */; };
		906F646B2BB2A7EF00AA4186 /* Enums.swift in Sources */ = {isa = PBXBuildFile; fileRef = 906F646A2BB2A7EF00AA4186 /* Enums.swift */; };
		906F64702BB2A8DC00AA4186 /* HomeView.swift in Sources */ = {isa = PBXBuildFile; fileRef = 906F646F2BB2A8DC00AA4186 /* HomeView.swift */; };
		906F64722BB2AB5700AA4186 /* Color+Extensions.swift in Sources */ = {isa = PBXBuildFile; fileRef = 906F64712BB2AB5700AA4186 /* Color+Extensions.swift */; };
		906F64742BB2ABA500AA4186 /* Product.swift in Sources */ = {isa = PBXBuildFile; fileRef = 906F64732BB2ABA500AA4186 /* Product.swift */; };
		906F64762BB2AC3800AA4186 /* CategoryView.swift in Sources */ = {isa = PBXBuildFile; fileRef = 906F64752BB2AC3800AA4186 /* CategoryView.swift */; };
		906F64782BB2AC8400AA4186 /* ProductItemView.swift in Sources */ = {isa = PBXBuildFile; fileRef = 906F64772BB2AC8400AA4186 /* ProductItemView.swift */; };
		906F647A2BB2ACDB00AA4186 /* TrendingHashTagsView.swift in Sources */ = {isa = PBXBuildFile; fileRef = 906F64792BB2ACDB00AA4186 /* TrendingHashTagsView.swift */; };
		906F647C2BB2AD7300AA4186 /* HashTagsView.swift in Sources */ = {isa = PBXBuildFile; fileRef = 906F647B2BB2AD7300AA4186 /* HashTagsView.swift */; };
		906F647E2BB2AEC700AA4186 /* FooterView.swift in Sources */ = {isa = PBXBuildFile; fileRef = 906F647D2BB2AEC700AA4186 /* FooterView.swift */; };
		906F64802BB2AF6900AA4186 /* SideMenuView.swift in Sources */ = {isa = PBXBuildFile; fileRef = 906F647F2BB2AF6900AA4186 /* SideMenuView.swift */; };
		906F64822BB2B05400AA4186 /* SideView.swift in Sources */ = {isa = PBXBuildFile; fileRef = 906F64812BB2B05400AA4186 /* SideView.swift */; };
		906F64842BB2B0BC00AA4186 /* GenderView.swift in Sources */ = {isa = PBXBuildFile; fileRef = 906F64832BB2B0BC00AA4186 /* GenderView.swift */; };
		906F64862BB2B14F00AA4186 /* SideCartView.swift in Sources */ = {isa = PBXBuildFile; fileRef = 906F64852BB2B14F00AA4186 /* SideCartView.swift */; };
		906F64882BB2B1BD00AA4186 /* CartItem.swift in Sources */ = {isa = PBXBuildFile; fileRef = 906F64872BB2B1BD00AA4186 /* CartItem.swift */; };
		906F648A2BB2B26E00AA4186 /* CartItemView.swift in Sources */ = {isa = PBXBuildFile; fileRef = 906F64892BB2B26E00AA4186 /* CartItemView.swift */; };
		906F648C2BB2B2F500AA4186 /* ProductDetailsView.swift in Sources */ = {isa = PBXBuildFile; fileRef = 906F648B2BB2B2F500AA4186 /* ProductDetailsView.swift */; };
		906F648E2BB2B32F00AA4186 /* HeaderView.swift in Sources */ = {isa = PBXBuildFile; fileRef = 906F648D2BB2B32F00AA4186 /* HeaderView.swift */; };
		906F64902BB2B4ED00AA4186 /* ProductList.swift in Sources */ = {isa = PBXBuildFile; fileRef = 906F648F2BB2B4ED00AA4186 /* ProductList.swift */; };
/* End PBXBuildFile section */

/* Begin PBXFileReference section */
		50829D4E2BA8118600CC3ABC /* OnlineClothing.app */ = {isa = PBXFileReference; explicitFileType = wrapper.application; includeInIndex = 0; path = OnlineClothing.app; sourceTree = BUILT_PRODUCTS_DIR; };
		50829D512BA8118600CC3ABC /* OnlineClothingApp.swift */ = {isa = PBXFileReference; lastKnownFileType = sourcecode.swift; path = OnlineClothingApp.swift; sourceTree = "<group>"; };
		50829D532BA8118600CC3ABC /* ContentView.swift */ = {isa = PBXFileReference; lastKnownFileType = sourcecode.swift; path = ContentView.swift; sourceTree = "<group>"; };
		50829D552BA8118700CC3ABC /* Assets.xcassets */ = {isa = PBXFileReference; lastKnownFileType = folder.assetcatalog; path = Assets.xcassets; sourceTree = "<group>"; };
		50829D582BA8118700CC3ABC /* Preview Assets.xcassets */ = {isa = PBXFileReference; lastKnownFileType = folder.assetcatalog; path = "Preview Assets.xcassets"; sourceTree = "<group>"; };
		906F64662BB2A71000AA4186 /* typealiases.swift */ = {isa = PBXFileReference; lastKnownFileType = sourcecode.swift; path = typealiases.swift; sourceTree = "<group>"; };
		906F64682BB2A7AC00AA4186 /* Constants.swift */ = {isa = PBXFileReference; lastKnownFileType = sourcecode.swift; path = Constants.swift; sourceTree = "<group>"; };
		906F646A2BB2A7EF00AA4186 /* Enums.swift */ = {isa = PBXFileReference; lastKnownFileType = sourcecode.swift; path = Enums.swift; sourceTree = "<group>"; };
		906F646F2BB2A8DC00AA4186 /* HomeView.swift */ = {isa = PBXFileReference; lastKnownFileType = sourcecode.swift; path = HomeView.swift; sourceTree = "<group>"; };
		906F64712BB2AB5700AA4186 /* Color+Extensions.swift */ = {isa = PBXFileReference; lastKnownFileType = sourcecode.swift; path = "Color+Extensions.swift"; sourceTree = "<group>"; };
		906F64732BB2ABA500AA4186 /* Product.swift */ = {isa = PBXFileReference; lastKnownFileType = sourcecode.swift; path = Product.swift; sourceTree = "<group>"; };
		906F64752BB2AC3800AA4186 /* CategoryView.swift */ = {isa = PBXFileReference; lastKnownFileType = sourcecode.swift; path = CategoryView.swift; sourceTree = "<group>"; };
		906F64772BB2AC8400AA4186 /* ProductItemView.swift */ = {isa = PBXFileReference; lastKnownFileType = sourcecode.swift; path = ProductItemView.swift; sourceTree = "<group>"; };
		906F64792BB2ACDB00AA4186 /* TrendingHashTagsView.swift */ = {isa = PBXFileReference; lastKnownFileType = sourcecode.swift; path = TrendingHashTagsView.swift; sourceTree = "<group>"; };
		906F647B2BB2AD7300AA4186 /* HashTagsView.swift */ = {isa = PBXFileReference; lastKnownFileType = sourcecode.swift; path = HashTagsView.swift; sourceTree = "<group>"; };
		906F647D2BB2AEC700AA4186 /* FooterView.swift */ = {isa = PBXFileReference; lastKnownFileType = sourcecode.swift; path = FooterView.swift; sourceTree = "<group>"; };
		906F647F2BB2AF6900AA4186 /* SideMenuView.swift */ = {isa = PBXFileReference; lastKnownFileType = sourcecode.swift; path = SideMenuView.swift; sourceTree = "<group>"; };
		906F64812BB2B05400AA4186 /* SideView.swift */ = {isa = PBXFileReference; lastKnownFileType = sourcecode.swift; path = SideView.swift; sourceTree = "<group>"; };
		906F64832BB2B0BC00AA4186 /* GenderView.swift */ = {isa = PBXFileReference; lastKnownFileType = sourcecode.swift; path = GenderView.swift; sourceTree = "<group>"; };
		906F64852BB2B14F00AA4186 /* SideCartView.swift */ = {isa = PBXFileReference; lastKnownFileType = sourcecode.swift; path = SideCartView.swift; sourceTree = "<group>"; };
		906F64872BB2B1BD00AA4186 /* CartItem.swift */ = {isa = PBXFileReference; lastKnownFileType = sourcecode.swift; path = CartItem.swift; sourceTree = "<group>"; };
		906F64892BB2B26E00AA4186 /* CartItemView.swift */ = {isa = PBXFileReference; lastKnownFileType = sourcecode.swift; path = CartItemView.swift; sourceTree = "<group>"; };
		906F648B2BB2B2F500AA4186 /* ProductDetailsView.swift */ = {isa = PBXFileReference; lastKnownFileType = sourcecode.swift; path = ProductDetailsView.swift; sourceTree = "<group>"; };
		906F648D2BB2B32F00AA4186 /* HeaderView.swift */ = {isa = PBXFileReference; lastKnownFileType = sourcecode.swift; path = HeaderView.swift; sourceTree = "<group>"; };
		906F648F2BB2B4ED00AA4186 /* ProductList.swift */ = {isa = PBXFileReference; lastKnownFileType = sourcecode.swift; path = ProductList.swift; sourceTree = "<group>"; };
/* End PBXFileReference section */

/* Begin PBXFrameworksBuildPhase section */
		50829D4B2BA8118600CC3ABC /* Frameworks */ = {
			isa = PBXFrameworksBuildPhase;
			buildActionMask = 2147483647;
			files = (
			);
			runOnlyForDeploymentPostprocessing = 0;
		};
/* End PBXFrameworksBuildPhase section */

/* Begin PBXGroup section */
		50829D452BA8118600CC3ABC = {
			isa = PBXGroup;
			children = (
				50829D502BA8118600CC3ABC /* OnlineClothing */,
				50829D4F2BA8118600CC3ABC /* Products */,
			);
			sourceTree = "<group>";
		};
		50829D4F2BA8118600CC3ABC /* Products */ = {
			isa = PBXGroup;
			children = (
				50829D4E2BA8118600CC3ABC /* OnlineClothing.app */,
			);
			name = Products;
			sourceTree = "<group>";
		};
		50829D502BA8118600CC3ABC /* OnlineClothing */ = {
			isa = PBXGroup;
			children = (
				906F645F2BB2A2FD00AA4186 /* Application */,
				906F64652BB2A65500AA4186 /* ViewModels */,
				906F64642BB2A64500AA4186 /* Views */,
				906F64632BB2A37800AA4186 /* Models */,
				906F64622BB2A36900AA4186 /* Fonts */,
				906F64602BB2A34700AA4186 /* Support */,
				50829D532BA8118600CC3ABC /* ContentView.swift */,
				50829D552BA8118700CC3ABC /* Assets.xcassets */,
				50829D572BA8118700CC3ABC /* Preview Content */,
			);
			path = OnlineClothing;
			sourceTree = "<group>";
		};
		50829D572BA8118700CC3ABC /* Preview Content */ = {
			isa = PBXGroup;
			children = (
				50829D582BA8118700CC3ABC /* Preview Assets.xcassets */,
			);
			path = "Preview Content";
			sourceTree = "<group>";
		};
		906F645F2BB2A2FD00AA4186 /* Application */ = {
			isa = PBXGroup;
			children = (
				50829D512BA8118600CC3ABC /* OnlineClothingApp.swift */,
			);
			path = Application;
			sourceTree = "<group>";
		};
		906F64602BB2A34700AA4186 /* Support */ = {
			isa = PBXGroup;
			children = (
				906F646C2BB2A82900AA4186 /* Extensions */,
				906F64662BB2A71000AA4186 /* typealiases.swift */,
				906F64682BB2A7AC00AA4186 /* Constants.swift */,
				906F646A2BB2A7EF00AA4186 /* Enums.swift */,
			);
			path = Support;
			sourceTree = "<group>";
		};
		906F64622BB2A36900AA4186 /* Fonts */ = {
			isa = PBXGroup;
			children = (
			);
			path = Fonts;
			sourceTree = "<group>";
		};
		906F64632BB2A37800AA4186 /* Models */ = {
			isa = PBXGroup;
			children = (
				906F64732BB2ABA500AA4186 /* Product.swift */,
				906F64872BB2B1BD00AA4186 /* CartItem.swift */,
			);
			path = Models;
			sourceTree = "<group>";
		};
		906F64642BB2A64500AA4186 /* Views */ = {
			isa = PBXGroup;
			children = (
				906F646E2BB2A88C00AA4186 /* SupportingViews */,
				906F646D2BB2A86E00AA4186 /* MainViews */,
			);
			path = Views;
			sourceTree = "<group>";
		};
		906F64652BB2A65500AA4186 /* ViewModels */ = {
			isa = PBXGroup;
			children = (
			);
			path = ViewModels;
			sourceTree = "<group>";
		};
		906F646C2BB2A82900AA4186 /* Extensions */ = {
			isa = PBXGroup;
			children = (
				906F64712BB2AB5700AA4186 /* Color+Extensions.swift */,
			);
			path = Extensions;
			sourceTree = "<group>";
		};
		906F646D2BB2A86E00AA4186 /* MainViews */ = {
			isa = PBXGroup;
			children = (
				906F646F2BB2A8DC00AA4186 /* HomeView.swift */,
				906F647F2BB2AF6900AA4186 /* SideMenuView.swift */,
				906F648B2BB2B2F500AA4186 /* ProductDetailsView.swift */,
				906F648F2BB2B4ED00AA4186 /* ProductList.swift */,
			);
			path = MainViews;
			sourceTree = "<group>";
		};
		906F646E2BB2A88C00AA4186 /* SupportingViews */ = {
			isa = PBXGroup;
			children = (
				906F64752BB2AC3800AA4186 /* CategoryView.swift */,
				906F64772BB2AC8400AA4186 /* ProductItemView.swift */,
				906F64792BB2ACDB00AA4186 /* TrendingHashTagsView.swift */,
				906F647B2BB2AD7300AA4186 /* HashTagsView.swift */,
				906F647D2BB2AEC700AA4186 /* FooterView.swift */,
				906F64812BB2B05400AA4186 /* SideView.swift */,
				906F64832BB2B0BC00AA4186 /* GenderView.swift */,
				906F64852BB2B14F00AA4186 /* SideCartView.swift */,
				906F64892BB2B26E00AA4186 /* CartItemView.swift */,
				906F648D2BB2B32F00AA4186 /* HeaderView.swift */,
			);
			path = SupportingViews;
			sourceTree = "<group>";
		};
/* End PBXGroup section */

/* Begin PBXNativeTarget section */
		50829D4D2BA8118600CC3ABC /* OnlineClothing */ = {
			isa = PBXNativeTarget;
			buildConfigurationList = 50829D5C2BA8118700CC3ABC /* Build configuration list for PBXNativeTarget "OnlineClothing" */;
			buildPhases = (
				50829D4A2BA8118600CC3ABC /* Sources */,
				50829D4B2BA8118600CC3ABC /* Frameworks */,
				50829D4C2BA8118600CC3ABC /* Resources */,
			);
			buildRules = (
			);
			dependencies = (
			);
			name = OnlineClothing;
			productName = OnlineClothing;
			productReference = 50829D4E2BA8118600CC3ABC /* OnlineClothing.app */;
			productType = "com.apple.product-type.application";
		};
/* End PBXNativeTarget section */

/* Begin PBXProject section */
		50829D462BA8118600CC3ABC /* Project object */ = {
			isa = PBXProject;
			attributes = {
				BuildIndependentTargetsInParallel = 1;
				LastSwiftUpdateCheck = 1520;
				LastUpgradeCheck = 1520;
				TargetAttributes = {
					50829D4D2BA8118600CC3ABC = {
						CreatedOnToolsVersion = 15.2;
					};
				};
			};
			buildConfigurationList = 50829D492BA8118600CC3ABC /* Build configuration list for PBXProject "OnlineClothing" */;
			compatibilityVersion = "Xcode 14.0";
			developmentRegion = en;
			hasScannedForEncodings = 0;
			knownRegions = (
				en,
				Base,
			);
			mainGroup = 50829D452BA8118600CC3ABC;
			productRefGroup = 50829D4F2BA8118600CC3ABC /* Products */;
			projectDirPath = "";
			projectRoot = "";
			targets = (
				50829D4D2BA8118600CC3ABC /* OnlineClothing */,
			);
		};
/* End PBXProject section */

/* Begin PBXResourcesBuildPhase section */
		50829D4C2BA8118600CC3ABC /* Resources */ = {
			isa = PBXResourcesBuildPhase;
			buildActionMask = 2147483647;
			files = (
				50829D592BA8118700CC3ABC /* Preview Assets.xcassets in Resources */,
				50829D562BA8118700CC3ABC /* Assets.xcassets in Resources */,
			);
			runOnlyForDeploymentPostprocessing = 0;
		};
/* End PBXResourcesBuildPhase section */

/* Begin PBXSourcesBuildPhase section */
		50829D4A2BA8118600CC3ABC /* Sources */ = {
			isa = PBXSourcesBuildPhase;
			buildActionMask = 2147483647;
			files = (
				906F64822BB2B05400AA4186 /* SideView.swift in Sources */,
				906F64672BB2A71000AA4186 /* typealiases.swift in Sources */,
				906F64742BB2ABA500AA4186 /* Product.swift in Sources */,
				50829D542BA8118600CC3ABC /* ContentView.swift in Sources */,
				906F64882BB2B1BD00AA4186 /* CartItem.swift in Sources */,
				906F647C2BB2AD7300AA4186 /* HashTagsView.swift in Sources */,
				906F646B2BB2A7EF00AA4186 /* Enums.swift in Sources */,
				906F64702BB2A8DC00AA4186 /* HomeView.swift in Sources */,
				906F64782BB2AC8400AA4186 /* ProductItemView.swift in Sources */,
				906F648C2BB2B2F500AA4186 /* ProductDetailsView.swift in Sources */,
				906F64862BB2B14F00AA4186 /* SideCartView.swift in Sources */,
				906F64722BB2AB5700AA4186 /* Color+Extensions.swift in Sources */,
				906F64802BB2AF6900AA4186 /* SideMenuView.swift in Sources */,
				906F648E2BB2B32F00AA4186 /* HeaderView.swift in Sources */,
				50829D522BA8118600CC3ABC /* OnlineClothingApp.swift in Sources */,
				906F64842BB2B0BC00AA4186 /* GenderView.swift in Sources */,
				906F64692BB2A7AC00AA4186 /* Constants.swift in Sources */,
				906F64762BB2AC3800AA4186 /* CategoryView.swift in Sources */,
				906F647E2BB2AEC700AA4186 /* FooterView.swift in Sources */,
				906F64902BB2B4ED00AA4186 /* ProductList.swift in Sources */,
				906F647A2BB2ACDB00AA4186 /* TrendingHashTagsView.swift in Sources */,
				906F648A2BB2B26E00AA4186 /* CartItemView.swift in Sources */,
			);
			runOnlyForDeploymentPostprocessing = 0;
		};
/* End PBXSourcesBuildPhase section */

/* Begin XCBuildConfiguration section */
		50829D5A2BA8118700CC3ABC /* Debug */ = {
			isa = XCBuildConfiguration;
			buildSettings = {
				ALWAYS_SEARCH_USER_PATHS = NO;
				ASSETCATALOG_COMPILER_GENERATE_SWIFT_ASSET_SYMBOL_EXTENSIONS = YES;
				CLANG_ANALYZER_NONNULL = YES;
				CLANG_ANALYZER_NUMBER_OBJECT_CONVERSION = YES_AGGRESSIVE;
				CLANG_CXX_LANGUAGE_STANDARD = "gnu++20";
				CLANG_ENABLE_MODULES = YES;
				CLANG_ENABLE_OBJC_ARC = YES;
				CLANG_ENABLE_OBJC_WEAK = YES;
				CLANG_WARN_BLOCK_CAPTURE_AUTORELEASING = YES;
				CLANG_WARN_BOOL_CONVERSION = YES;
				CLANG_WARN_COMMA = YES;
				CLANG_WARN_CONSTANT_CONVERSION = YES;
				CLANG_WARN_DEPRECATED_OBJC_IMPLEMENTATIONS = YES;
				CLANG_WARN_DIRECT_OBJC_ISA_USAGE = YES_ERROR;
				CLANG_WARN_DOCUMENTATION_COMMENTS = YES;
				CLANG_WARN_EMPTY_BODY = YES;
				CLANG_WARN_ENUM_CONVERSION = YES;
				CLANG_WARN_INFINITE_RECURSION = YES;
				CLANG_WARN_INT_CONVERSION = YES;
				CLANG_WARN_NON_LITERAL_NULL_CONVERSION = YES;
				CLANG_WARN_OBJC_IMPLICIT_RETAIN_SELF = YES;
				CLANG_WARN_OBJC_LITERAL_CONVERSION = YES;
				CLANG_WARN_OBJC_ROOT_CLASS = YES_ERROR;
				CLANG_WARN_QUOTED_INCLUDE_IN_FRAMEWORK_HEADER = YES;
				CLANG_WARN_RANGE_LOOP_ANALYSIS = YES;
				CLANG_WARN_STRICT_PROTOTYPES = YES;
				CLANG_WARN_SUSPICIOUS_MOVE = YES;
				CLANG_WARN_UNGUARDED_AVAILABILITY = YES_AGGRESSIVE;
				CLANG_WARN_UNREACHABLE_CODE = YES;
				CLANG_WARN__DUPLICATE_METHOD_MATCH = YES;
				COPY_PHASE_STRIP = NO;
				DEBUG_INFORMATION_FORMAT = dwarf;
				ENABLE_STRICT_OBJC_MSGSEND = YES;
				ENABLE_TESTABILITY = YES;
				ENABLE_USER_SCRIPT_SANDBOXING = YES;
				GCC_C_LANGUAGE_STANDARD = gnu17;
				GCC_DYNAMIC_NO_PIC = NO;
				GCC_NO_COMMON_BLOCKS = YES;
				GCC_OPTIMIZATION_LEVEL = 0;
				GCC_PREPROCESSOR_DEFINITIONS = (
					"DEBUG=1",
					"$(inherited)",
				);
				GCC_WARN_64_TO_32_BIT_CONVERSION = YES;
				GCC_WARN_ABOUT_RETURN_TYPE = YES_ERROR;
				GCC_WARN_UNDECLARED_SELECTOR = YES;
				GCC_WARN_UNINITIALIZED_AUTOS = YES_AGGRESSIVE;
				GCC_WARN_UNUSED_FUNCTION = YES;
				GCC_WARN_UNUSED_VARIABLE = YES;
				IPHONEOS_DEPLOYMENT_TARGET = 17.2;
				LOCALIZATION_PREFERS_STRING_CATALOGS = YES;
				MTL_ENABLE_DEBUG_INFO = INCLUDE_SOURCE;
				MTL_FAST_MATH = YES;
				ONLY_ACTIVE_ARCH = YES;
				SDKROOT = iphoneos;
				SWIFT_ACTIVE_COMPILATION_CONDITIONS = "DEBUG $(inherited)";
				SWIFT_OPTIMIZATION_LEVEL = "-Onone";
			};
			name = Debug;
		};
		50829D5B2BA8118700CC3ABC /* Release */ = {
			isa = XCBuildConfiguration;
			buildSettings = {
				ALWAYS_SEARCH_USER_PATHS = NO;
				ASSETCATALOG_COMPILER_GENERATE_SWIFT_ASSET_SYMBOL_EXTENSIONS = YES;
				CLANG_ANALYZER_NONNULL = YES;
				CLANG_ANALYZER_NUMBER_OBJECT_CONVERSION = YES_AGGRESSIVE;
				CLANG_CXX_LANGUAGE_STANDARD = "gnu++20";
				CLANG_ENABLE_MODULES = YES;
				CLANG_ENABLE_OBJC_ARC = YES;
				CLANG_ENABLE_OBJC_WEAK = YES;
				CLANG_WARN_BLOCK_CAPTURE_AUTORELEASING = YES;
				CLANG_WARN_BOOL_CONVERSION = YES;
				CLANG_WARN_COMMA = YES;
				CLANG_WARN_CONSTANT_CONVERSION = YES;
				CLANG_WARN_DEPRECATED_OBJC_IMPLEMENTATIONS = YES;
				CLANG_WARN_DIRECT_OBJC_ISA_USAGE = YES_ERROR;
				CLANG_WARN_DOCUMENTATION_COMMENTS = YES;
				CLANG_WARN_EMPTY_BODY = YES;
				CLANG_WARN_ENUM_CONVERSION = YES;
				CLANG_WARN_INFINITE_RECURSION = YES;
				CLANG_WARN_INT_CONVERSION = YES;
				CLANG_WARN_NON_LITERAL_NULL_CONVERSION = YES;
				CLANG_WARN_OBJC_IMPLICIT_RETAIN_SELF = YES;
				CLANG_WARN_OBJC_LITERAL_CONVERSION = YES;
				CLANG_WARN_OBJC_ROOT_CLASS = YES_ERROR;
				CLANG_WARN_QUOTED_INCLUDE_IN_FRAMEWORK_HEADER = YES;
				CLANG_WARN_RANGE_LOOP_ANALYSIS = YES;
				CLANG_WARN_STRICT_PROTOTYPES = YES;
				CLANG_WARN_SUSPICIOUS_MOVE = YES;
				CLANG_WARN_UNGUARDED_AVAILABILITY = YES_AGGRESSIVE;
				CLANG_WARN_UNREACHABLE_CODE = YES;
				CLANG_WARN__DUPLICATE_METHOD_MATCH = YES;
				COPY_PHASE_STRIP = NO;
				DEBUG_INFORMATION_FORMAT = "dwarf-with-dsym";
				ENABLE_NS_ASSERTIONS = NO;
				ENABLE_STRICT_OBJC_MSGSEND = YES;
				ENABLE_USER_SCRIPT_SANDBOXING = YES;
				GCC_C_LANGUAGE_STANDARD = gnu17;
				GCC_NO_COMMON_BLOCKS = YES;
				GCC_WARN_64_TO_32_BIT_CONVERSION = YES;
				GCC_WARN_ABOUT_RETURN_TYPE = YES_ERROR;
				GCC_WARN_UNDECLARED_SELECTOR = YES;
				GCC_WARN_UNINITIALIZED_AUTOS = YES_AGGRESSIVE;
				GCC_WARN_UNUSED_FUNCTION = YES;
				GCC_WARN_UNUSED_VARIABLE = YES;
				IPHONEOS_DEPLOYMENT_TARGET = 17.2;
				LOCALIZATION_PREFERS_STRING_CATALOGS = YES;
				MTL_ENABLE_DEBUG_INFO = NO;
				MTL_FAST_MATH = YES;
				SDKROOT = iphoneos;
				SWIFT_COMPILATION_MODE = wholemodule;
				VALIDATE_PRODUCT = YES;
			};
			name = Release;
		};
		50829D5D2BA8118700CC3ABC /* Debug */ = {
			isa = XCBuildConfiguration;
			buildSettings = {
				ASSETCATALOG_COMPILER_APPICON_NAME = AppIcon;
				ASSETCATALOG_COMPILER_GLOBAL_ACCENT_COLOR_NAME = AccentColor;
				CODE_SIGN_STYLE = Automatic;
				CURRENT_PROJECT_VERSION = 1;
				DEVELOPMENT_ASSET_PATHS = "\"OnlineClothing/Preview Content\"";
				ENABLE_PREVIEWS = YES;
				GENERATE_INFOPLIST_FILE = YES;
				INFOPLIST_KEY_UIApplicationSceneManifest_Generation = YES;
				INFOPLIST_KEY_UIApplicationSupportsIndirectInputEvents = YES;
				INFOPLIST_KEY_UILaunchScreen_Generation = YES;
				INFOPLIST_KEY_UISupportedInterfaceOrientations_iPad = "UIInterfaceOrientationPortrait UIInterfaceOrientationPortraitUpsideDown UIInterfaceOrientationLandscapeLeft UIInterfaceOrientationLandscapeRight";
				INFOPLIST_KEY_UISupportedInterfaceOrientations_iPhone = "UIInterfaceOrientationPortrait UIInterfaceOrientationLandscapeLeft UIInterfaceOrientationLandscapeRight";
				LD_RUNPATH_SEARCH_PATHS = (
					"$(inherited)",
					"@executable_path/Frameworks",
				);
				MARKETING_VERSION = 1.0;
				PRODUCT_BUNDLE_IDENTIFIER = "-234.OnlineClothing";
				PRODUCT_NAME = "$(TARGET_NAME)";
				SWIFT_EMIT_LOC_STRINGS = YES;
				SWIFT_VERSION = 5.0;
				TARGETED_DEVICE_FAMILY = "1,2";
			};
			name = Debug;
		};
		50829D5E2BA8118700CC3ABC /* Release */ = {
			isa = XCBuildConfiguration;
			buildSettings = {
				ASSETCATALOG_COMPILER_APPICON_NAME = AppIcon;
				ASSETCATALOG_COMPILER_GLOBAL_ACCENT_COLOR_NAME = AccentColor;
				CODE_SIGN_STYLE = Automatic;
				CURRENT_PROJECT_VERSION = 1;
				DEVELOPMENT_ASSET_PATHS = "\"OnlineClothing/Preview Content\"";
				ENABLE_PREVIEWS = YES;
				GENERATE_INFOPLIST_FILE = YES;
				INFOPLIST_KEY_UIApplicationSceneManifest_Generation = YES;
				INFOPLIST_KEY_UIApplicationSupportsIndirectInputEvents = YES;
				INFOPLIST_KEY_UILaunchScreen_Generation = YES;
				INFOPLIST_KEY_UISupportedInterfaceOrientations_iPad = "UIInterfaceOrientationPortrait UIInterfaceOrientationPortraitUpsideDown UIInterfaceOrientationLandscapeLeft UIInterfaceOrientationLandscapeRight";
				INFOPLIST_KEY_UISupportedInterfaceOrientations_iPhone = "UIInterfaceOrientationPortrait UIInterfaceOrientationLandscapeLeft UIInterfaceOrientationLandscapeRight";
				LD_RUNPATH_SEARCH_PATHS = (
					"$(inherited)",
					"@executable_path/Frameworks",
				);
				MARKETING_VERSION = 1.0;
				PRODUCT_BUNDLE_IDENTIFIER = "-234.OnlineClothing";
				PRODUCT_NAME = "$(TARGET_NAME)";
				SWIFT_EMIT_LOC_STRINGS = YES;
				SWIFT_VERSION = 5.0;
				TARGETED_DEVICE_FAMILY = "1,2";
			};
			name = Release;
		};
/* End XCBuildConfiguration section */

/* Begin XCConfigurationList section */
		50829D492BA8118600CC3ABC /* Build configuration list for PBXProject "OnlineClothing" */ = {
			isa = XCConfigurationList;
			buildConfigurations = (
				50829D5A2BA8118700CC3ABC /* Debug */,
				50829D5B2BA8118700CC3ABC /* Release */,
			);
			defaultConfigurationIsVisible = 0;
			defaultConfigurationName = Release;
		};
		50829D5C2BA8118700CC3ABC /* Build configuration list for PBXNativeTarget "OnlineClothing" */ = {
			isa = XCConfigurationList;
			buildConfigurations = (
				50829D5D2BA8118700CC3ABC /* Debug */,
				50829D5E2BA8118700CC3ABC /* Release */,
			);
			defaultConfigurationIsVisible = 0;
			defaultConfigurationName = Release;
		};
/* End XCConfigurationList section */
	};
	rootObject = 50829D462BA8118600CC3ABC /* Project object */;
}
